
Microsoft Visual Studio Solution File, Format Version 12.00
# Visual Studio 15
VisualStudioVersion = 15.0.28010.2036
MinimumVisualStudioVersion = 10.0.40219.1
Project("{FAE04EC0-301F-11D3-BF4B-00C04F79EFBC}") = "AzureSampleProject1", "AzureSampleProject1\AzureSampleProject1.csproj", "{A35E88C7-0742-45D9-927B-DEC485261C49}"
EndProject
Global
	GlobalSection(SolutionConfigurationPlatforms) = preSolution
		Debug|Any CPU = Debug|Any CPU
		Release|Any CPU = Release|Any CPU
	EndGlobalSection
	GlobalSection(ProjectConfigurationPlatforms) = postSolution
		{A35E88C7-0742-45D9-927B-DEC485261C49}.Debug|Any CPU.ActiveCfg = Debug|Any CPU
		{A35E88C7-0742-45D9-927B-DEC485261C49}.Debug|Any CPU.Build.0 = Debug|Any CPU
		{A35E88C7-0742-45D9-927B-DEC485261C49}.Release|Any CPU.ActiveCfg = Release|Any CPU
		{A35E88C7-0742-45D9-927B-DEC485261C49}.Release|Any CPU.Build.0 = Release|Any CPU
	EndGlobalSection
	GlobalSection(SolutionProperties) = preSolution
		HideSolutionNode = FALSE
	EndGlobalSection
	GlobalSection(ExtensibilityGlobals) = postSolution
		SolutionGuid = {20999469-DCC7-45D8-868F-0EC2AF5A9B2D}
	EndGlobalSection
EndGlobal
